
Microsoft Visual Studio Solution File, Format Version 12.00
# Visual Studio 15
VisualStudioVersion = 15.0.28307.271
MinimumVisualStudioVersion = 10.0.40219.1
Project("{2150E333-8FDC-42A3-9474-1A3956D46DE8}") = "1. Distributed Services", "1. Distributed Services", "{586EC848-A8B8-4498-92E0-E4A211CDEDD0}"
EndProject
Project("{2150E333-8FDC-42A3-9474-1A3956D46DE8}") = "2. Application", "2. Application", "{03B82580-28D6-4E59-87C4-8DED7CC753E1}"
EndProject
Project("{2150E333-8FDC-42A3-9474-1A3956D46DE8}") = "3. Domain", "3. Domain", "{2BAC7275-3693-4834-8F47-FE1E03F1B87F}"
EndProject
Project("{2150E333-8FDC-42A3-9474-1A3956D46DE8}") = "4. Infrastructure", "4. Infrastructure", "{1DAB25B4-EFC6-4861-9E46-A1DA5C87F8C6}"
EndProject
Project("{2150E333-8FDC-42A3-9474-1A3956D46DE8}") = "Tests", "Tests", "{4FB29E9E-0E79-4896-903C-C12950602336}"
EndProject
Project("{8BC9CEB8-8B4A-11D0-8D11-00A0C91BC942}") = "TabajaraBank.API", "TabajaraBank.API\TabajaraBank.API.vcxproj", "{1030B7E0-3476-4FEF-B5C9-1F9CC541A969}"
EndProject
Project("{8BC9CEB8-8B4A-11D0-8D11-00A0C91BC942}") = "TabajaraBank.Application", "TabajaraBank.Application\TabajaraBank.Application.vcxproj", "{BD18397A-6887-40A0-B687-F36F1996C6D6}"
EndProject
Project("{8BC9CEB8-8B4A-11D0-8D11-00A0C91BC942}") = "TabajaraBank.Domain", "TabajaraBank.Domain\TabajaraBank.Domain.vcxproj", "{618E2F3C-CAE6-49F4-AEFF-B19C78AD6FBB}"
EndProject
Project("{8BC9CEB8-8B4A-11D0-8D11-00A0C91BC942}") = "TabajaraBank.Infra", "TabajaraBank.Infra\TabajaraBank.Infra.vcxproj", "{A356CF3F-E461-4E96-8F2F-FC1BC6EEFCD3}"
EndProject
Project("{8BC9CEB8-8B4A-11D0-8D11-00A0C91BC942}") = "TabajaraBank.Infra.Data", "TabajaraBank.Infra.Data\TabajaraBank.Infra.Data.vcxproj", "{A6F09B1A-56FF-4B04-803B-5F2F6EE3F621}"
EndProject
Project("{8BC9CEB8-8B4A-11D0-8D11-00A0C91BC942}") = "TabajaraBank.Application.Tests", "TabajaraBank.Application.Tests\TabajaraBank.Application.Tests.vcxproj", "{F46EE440-E77F-4E77-B91A-5A5872B29FFA}"
EndProject
Global
	GlobalSection(SolutionConfigurationPlatforms) = preSolution
		Debug|x64 = Debug|x64
		Debug|x86 = Debug|x86
		Release|x64 = Release|x64
		Release|x86 = Release|x86
	EndGlobalSection
	GlobalSection(ProjectConfigurationPlatforms) = postSolution
		{1030B7E0-3476-4FEF-B5C9-1F9CC541A969}.Debug|x64.ActiveCfg = Debug|x64
		{1030B7E0-3476-4FEF-B5C9-1F9CC541A969}.Debug|x64.Build.0 = Debug|x64
		{1030B7E0-3476-4FEF-B5C9-1F9CC541A969}.Debug|x86.ActiveCfg = Debug|Win32
		{1030B7E0-3476-4FEF-B5C9-1F9CC541A969}.Debug|x86.Build.0 = Debug|Win32
		{1030B7E0-3476-4FEF-B5C9-1F9CC541A969}.Release|x64.ActiveCfg = Release|x64
		{1030B7E0-3476-4FEF-B5C9-1F9CC541A969}.Release|x64.Build.0 = Release|x64
		{1030B7E0-3476-4FEF-B5C9-1F9CC541A969}.Release|x86.ActiveCfg = Release|Win32
		{1030B7E0-3476-4FEF-B5C9-1F9CC541A969}.Release|x86.Build.0 = Release|Win32
		{BD18397A-6887-40A0-B687-F36F1996C6D6}.Debug|x64.ActiveCfg = Debug|x64
		{BD18397A-6887-40A0-B687-F36F1996C6D6}.Debug|x64.Build.0 = Debug|x64
		{BD18397A-6887-40A0-B687-F36F1996C6D6}.Debug|x86.ActiveCfg = Debug|Win32
		{BD18397A-6887-40A0-B687-F36F1996C6D6}.Debug|x86.Build.0 = Debug|Win32
		{BD18397A-6887-40A0-B687-F36F1996C6D6}.Release|x64.ActiveCfg = Release|x64
		{BD18397A-6887-40A0-B687-F36F1996C6D6}.Release|x64.Build.0 = Release|x64
		{BD18397A-6887-40A0-B687-F36F1996C6D6}.Release|x86.ActiveCfg = Release|Win32
		{BD18397A-6887-40A0-B687-F36F1996C6D6}.Release|x86.Build.0 = Release|Win32
		{618E2F3C-CAE6-49F4-AEFF-B19C78AD6FBB}.Debug|x64.ActiveCfg = Debug|x64
		{618E2F3C-CAE6-49F4-AEFF-B19C78AD6FBB}.Debug|x64.Build.0 = Debug|x64
		{618E2F3C-CAE6-49F4-AEFF-B19C78AD6FBB}.Debug|x86.ActiveCfg = Debug|Win32
		{618E2F3C-CAE6-49F4-AEFF-B19C78AD6FBB}.Debug|x86.Build.0 = Debug|Win32
		{618E2F3C-CAE6-49F4-AEFF-B19C78AD6FBB}.Release|x64.ActiveCfg = Release|x64
		{618E2F3C-CAE6-49F4-AEFF-B19C78AD6FBB}.Release|x64.Build.0 = Release|x64
		{618E2F3C-CAE6-49F4-AEFF-B19C78AD6FBB}.Release|x86.ActiveCfg = Release|Win32
		{618E2F3C-CAE6-49F4-AEFF-B19C78AD6FBB}.Release|x86.Build.0 = Release|Win32
		{A356CF3F-E461-4E96-8F2F-FC1BC6EEFCD3}.Debug|x64.ActiveCfg = Debug|x64
		{A356CF3F-E461-4E96-8F2F-FC1BC6EEFCD3}.Debug|x64.Build.0 = Debug|x64
		{A356CF3F-E461-4E96-8F2F-FC1BC6EEFCD3}.Debug|x86.ActiveCfg = Debug|Win32
		{A356CF3F-E461-4E96-8F2F-FC1BC6EEFCD3}.Debug|x86.Build.0 = Debug|Win32
		{A356CF3F-E461-4E96-8F2F-FC1BC6EEFCD3}.Release|x64.ActiveCfg = Release|x64
		{A356CF3F-E461-4E96-8F2F-FC1BC6EEFCD3}.Release|x64.Build.0 = Release|x64
		{A356CF3F-E461-4E96-8F2F-FC1BC6EEFCD3}.Release|x86.ActiveCfg = Release|Win32
		{A356CF3F-E461-4E96-8F2F-FC1BC6EEFCD3}.Release|x86.Build.0 = Release|Win32
		{A6F09B1A-56FF-4B04-803B-5F2F6EE3F621}.Debug|x64.ActiveCfg = Debug|x64
		{A6F09B1A-56FF-4B04-803B-5F2F6EE3F621}.Debug|x64.Build.0 = Debug|x64
		{A6F09B1A-56FF-4B04-803B-5F2F6EE3F621}.Debug|x86.ActiveCfg = Debug|Win32
		{A6F09B1A-56FF-4B04-803B-5F2F6EE3F621}.Debug|x86.Build.0 = Debug|Win32
		{A6F09B1A-56FF-4B04-803B-5F2F6EE3F621}.Release|x64.ActiveCfg = Release|x64
		{A6F09B1A-56FF-4B04-803B-5F2F6EE3F621}.Release|x64.Build.0 = Release|x64
		{A6F09B1A-56FF-4B04-803B-5F2F6EE3F621}.Release|x86.ActiveCfg = Release|Win32
		{A6F09B1A-56FF-4B04-803B-5F2F6EE3F621}.Release|x86.Build.0 = Release|Win32
		{F46EE440-E77F-4E77-B91A-5A5872B29FFA}.Debug|x64.ActiveCfg = Debug|x64
		{F46EE440-E77F-4E77-B91A-5A5872B29FFA}.Debug|x64.Build.0 = Debug|x64
		{F46EE440-E77F-4E77-B91A-5A5872B29FFA}.Debug|x86.ActiveCfg = Debug|Win32
		{F46EE440-E77F-4E77-B91A-5A5872B29FFA}.Debug|x86.Build.0 = Debug|Win32
		{F46EE440-E77F-4E77-B91A-5A5872B29FFA}.Release|x64.ActiveCfg = Release|x64
		{F46EE440-E77F-4E77-B91A-5A5872B29FFA}.Release|x64.Build.0 = Release|x64
		{F46EE440-E77F-4E77-B91A-5A5872B29FFA}.Release|x86.ActiveCfg = Release|Win32
		{F46EE440-E77F-4E77-B91A-5A5872B29FFA}.Release|x86.Build.0 = Release|Win32
	EndGlobalSection
	GlobalSection(SolutionProperties) = preSolution
		HideSolutionNode = FALSE
	EndGlobalSection
	GlobalSection(NestedProjects) = preSolution
		{1030B7E0-3476-4FEF-B5C9-1F9CC541A969} = {586EC848-A8B8-4498-92E0-E4A211CDEDD0}
		{BD18397A-6887-40A0-B687-F36F1996C6D6} = {03B82580-28D6-4E59-87C4-8DED7CC753E1}
		{618E2F3C-CAE6-49F4-AEFF-B19C78AD6FBB} = {2BAC7275-3693-4834-8F47-FE1E03F1B87F}
		{A356CF3F-E461-4E96-8F2F-FC1BC6EEFCD3} = {1DAB25B4-EFC6-4861-9E46-A1DA5C87F8C6}
		{A6F09B1A-56FF-4B04-803B-5F2F6EE3F621} = {1DAB25B4-EFC6-4861-9E46-A1DA5C87F8C6}
		{F46EE440-E77F-4E77-B91A-5A5872B29FFA} = {4FB29E9E-0E79-4896-903C-C12950602336}
	EndGlobalSection
	GlobalSection(ExtensibilityGlobals) = postSolution
		SolutionGuid = {54A268A0-DA10-40D6-92FB-08D370DB5DF1}
	EndGlobalSection
EndGlobal
